// !$*UTF8*$!
{
	archiveVersion = 1;
	classes = {
	};
	objectVersion = 46;
	objects = {

/* Begin PBXBuildFile section */
		9707AB7A1A113B2300935F33 /* InitiateNavigationController.swift in Sources */ = {isa = PBXBuildFile; fileRef = 9707AB791A113B2300935F33 /* InitiateNavigationController.swift */; };
		9707AB7C1A1162AB00935F33 /* JSON.swift in Sources */ = {isa = PBXBuildFile; fileRef = 9707AB7B1A1162AB00935F33 /* JSON.swift */; };
		9707AB7D1A11632400935F33 /* JSON.swift in Sources */ = {isa = PBXBuildFile; fileRef = 9707AB7B1A1162AB00935F33 /* JSON.swift */; };
		971004AC1A09CDC10088D66B /* DICProtocol.swift in Sources */ = {isa = PBXBuildFile; fileRef = 971004AB1A09CDC10088D66B /* DICProtocol.swift */; };
		971004AD1A09CE480088D66B /* DICProtocol.swift in Sources */ = {isa = PBXBuildFile; fileRef = 971004AB1A09CDC10088D66B /* DICProtocol.swift */; };
		971004AF1A09D20D0088D66B /* config.plist in Resources */ = {isa = PBXBuildFile; fileRef = 971004AE1A09D20D0088D66B /* config.plist */; };
		971004B11A09D42D0088D66B /* WebProtocol.swift in Sources */ = {isa = PBXBuildFile; fileRef = 971004B01A09D42D0088D66B /* WebProtocol.swift */; };
		971004B21A09D6140088D66B /* WebProtocol.swift in Sources */ = {isa = PBXBuildFile; fileRef = 971004B01A09D42D0088D66B /* WebProtocol.swift */; };
		971004B41A0AC2280088D66B /* DICViewController.swift in Sources */ = {isa = PBXBuildFile; fileRef = 971004B31A0AC2280088D66B /* DICViewController.swift */; };
		971004B51A0AC2EA0088D66B /* DICViewController.swift in Sources */ = {isa = PBXBuildFile; fileRef = 971004B31A0AC2280088D66B /* DICViewController.swift */; };
		971004B71A0AC3750088D66B /* DICNavigationController.swift in Sources */ = {isa = PBXBuildFile; fileRef = 971004B61A0AC3750088D66B /* DICNavigationController.swift */; };
		971004B91A0AC5000088D66B /* MainTabBarController.swift in Sources */ = {isa = PBXBuildFile; fileRef = 971004B81A0AC5000088D66B /* MainTabBarController.swift */; };
		971004BB1A0AC5580088D66B /* DICTabBarController.swift in Sources */ = {isa = PBXBuildFile; fileRef = 971004BA1A0AC5580088D66B /* DICTabBarController.swift */; };
		971218A31A0D962300D0C81A /* InitiateViewControllerTest.swift in Sources */ = {isa = PBXBuildFile; fileRef = 971218A21A0D962300D0C81A /* InitiateViewControllerTest.swift */; };
		971382D61A0844AA008A39FD /* Web.swift in Sources */ = {isa = PBXBuildFile; fileRef = 971382D51A0844AA008A39FD /* Web.swift */; };
		971382D91A085908008A39FD /* FirstLaunchViewControllerTests.swift in Sources */ = {isa = PBXBuildFile; fileRef = 971382D81A085908008A39FD /* FirstLaunchViewControllerTests.swift */; };
		972E35B21A0E069700F9EF52 /* QrCodeGenerator.swift in Sources */ = {isa = PBXBuildFile; fileRef = 972E35B11A0E069700F9EF52 /* QrCodeGenerator.swift */; };
		972E35B31A0E069700F9EF52 /* QrCodeGenerator.swift in Sources */ = {isa = PBXBuildFile; fileRef = 972E35B11A0E069700F9EF52 /* QrCodeGenerator.swift */; };
		972E35B51A0E07EC00F9EF52 /* CodeGeneratorProtocol.swift in Sources */ = {isa = PBXBuildFile; fileRef = 972E35B41A0E07EC00F9EF52 /* CodeGeneratorProtocol.swift */; };
		972E35B61A0E07EC00F9EF52 /* CodeGeneratorProtocol.swift in Sources */ = {isa = PBXBuildFile; fileRef = 972E35B41A0E07EC00F9EF52 /* CodeGeneratorProtocol.swift */; };
		972EF6551A0976B100BEE2C1 /* DIFactory.swift in Sources */ = {isa = PBXBuildFile; fileRef = 972EF6541A0976B100BEE2C1 /* DIFactory.swift */; };
		972EF6561A0976B100BEE2C1 /* DIFactory.swift in Sources */ = {isa = PBXBuildFile; fileRef = 972EF6541A0976B100BEE2C1 /* DIFactory.swift */; };
		972EF6591A0976C400BEE2C1 /* DIFactoryTest.swift in Sources */ = {isa = PBXBuildFile; fileRef = 972EF6571A0976C400BEE2C1 /* DIFactoryTest.swift */; };
		973B77DB1A07FF5F007E8726 /* FirstLaunchViewController.swift in Sources */ = {isa = PBXBuildFile; fileRef = 973B77DA1A07FF5F007E8726 /* FirstLaunchViewController.swift */; };
		973B77DD1A07FF6C007E8726 /* MainViewController.swift in Sources */ = {isa = PBXBuildFile; fileRef = 973B77DC1A07FF6C007E8726 /* MainViewController.swift */; };
		973B77DF1A080218007E8726 /* CreatedPreliminaryViewController.swift in Sources */ = {isa = PBXBuildFile; fileRef = 973B77DE1A080218007E8726 /* CreatedPreliminaryViewController.swift */; };
		973B77E31A082A5B007E8726 /* InitiateViewController.swift in Sources */ = {isa = PBXBuildFile; fileRef = 973B77E21A082A5B007E8726 /* InitiateViewController.swift */; };
		973B77E71A082AC3007E8726 /* InitiateQRViewController.swift in Sources */ = {isa = PBXBuildFile; fileRef = 973B77E61A082AC3007E8726 /* InitiateQRViewController.swift */; };
		973B77E91A082BDC007E8726 /* CreatePreliminaryViewController.swift in Sources */ = {isa = PBXBuildFile; fileRef = 973B77E81A082BDC007E8726 /* CreatePreliminaryViewController.swift */; };
		973B77EB1A082C0D007E8726 /* LoginViewController.swift in Sources */ = {isa = PBXBuildFile; fileRef = 973B77EA1A082C0D007E8726 /* LoginViewController.swift */; };
		973B77ED1A082C7C007E8726 /* CreateRegisteredViewController.swift in Sources */ = {isa = PBXBuildFile; fileRef = 973B77EC1A082C7C007E8726 /* CreateRegisteredViewController.swift */; };
		973B77EF1A082CB5007E8726 /* ConfirmRegistrationViewController.swift in Sources */ = {isa = PBXBuildFile; fileRef = 973B77EE1A082CB5007E8726 /* ConfirmRegistrationViewController.swift */; };
		973B77F11A082D04007E8726 /* SettingsViewController.swift in Sources */ = {isa = PBXBuildFile; fileRef = 973B77F01A082D04007E8726 /* SettingsViewController.swift */; };
		973B77F31A082D41007E8726 /* NotificationsViewController.swift in Sources */ = {isa = PBXBuildFile; fileRef = 973B77F21A082D41007E8726 /* NotificationsViewController.swift */; };
		973B77F51A082DF7007E8726 /* NewContactViewController.swift in Sources */ = {isa = PBXBuildFile; fileRef = 973B77F41A082DF7007E8726 /* NewContactViewController.swift */; };
		973F5DE91A048839007DAC82 /* AppDelegate.swift in Sources */ = {isa = PBXBuildFile; fileRef = 973F5DE81A048839007DAC82 /* AppDelegate.swift */; };
		973F5DEE1A048839007DAC82 /* Main.storyboard in Resources */ = {isa = PBXBuildFile; fileRef = 973F5DEC1A048839007DAC82 /* Main.storyboard */; };
		973F5DF01A048839007DAC82 /* Images.xcassets in Resources */ = {isa = PBXBuildFile; fileRef = 973F5DEF1A048839007DAC82 /* Images.xcassets */; };
		973F5DF31A048839007DAC82 /* LaunchScreen.xib in Resources */ = {isa = PBXBuildFile; fileRef = 973F5DF11A048839007DAC82 /* LaunchScreen.xib */; };
		974C06BE1A08D01300192CCB /* DICControllerProtocol.swift in Sources */ = {isa = PBXBuildFile; fileRef = 974C06BD1A08D01300192CCB /* DICControllerProtocol.swift */; };
		974C06BF1A08D16300192CCB /* DICControllerProtocol.swift in Sources */ = {isa = PBXBuildFile; fileRef = 974C06BD1A08D01300192CCB /* DICControllerProtocol.swift */; };
		974C06C11A093AAD00192CCB /* configTest.plist in Resources */ = {isa = PBXBuildFile; fileRef = 974C06C01A093AAD00192CCB /* configTest.plist */; };
		974C06C41A093BDD00192CCB /* SimpleFactory.swift in Sources */ = {isa = PBXBuildFile; fileRef = 974C06C31A093BDD00192CCB /* SimpleFactory.swift */; };
		974C06C61A0953BA00192CCB /* SimpleFactoryTest.swift in Sources */ = {isa = PBXBuildFile; fileRef = 974C06C51A0953BA00192CCB /* SimpleFactoryTest.swift */; };
		974C06C71A0953EF00192CCB /* SimpleFactory.swift in Sources */ = {isa = PBXBuildFile; fileRef = 974C06C31A093BDD00192CCB /* SimpleFactory.swift */; };
		974F41B31A1C12C7003226B9 /* QrReader.swift in Sources */ = {isa = PBXBuildFile; fileRef = 974F41B21A1C12C7003226B9 /* QrReader.swift */; };
		974F41B41A1C12C7003226B9 /* QrReader.swift in Sources */ = {isa = PBXBuildFile; fileRef = 974F41B21A1C12C7003226B9 /* QrReader.swift */; };
		9760915D1A0AD28400C49248 /* DICAppDelegate.swift in Sources */ = {isa = PBXBuildFile; fileRef = 9760915C1A0AD28400C49248 /* DICAppDelegate.swift */; };
		9760915E1A0AD28600C49248 /* DICAppDelegate.swift in Sources */ = {isa = PBXBuildFile; fileRef = 9760915C1A0AD28400C49248 /* DICAppDelegate.swift */; };
		976091621A0AE71800C49248 /* DIHelper.swift in Sources */ = {isa = PBXBuildFile; fileRef = 976091611A0AE71800C49248 /* DIHelper.swift */; };
		976091631A0AE84000C49248 /* DIHelper.swift in Sources */ = {isa = PBXBuildFile; fileRef = 976091611A0AE71800C49248 /* DIHelper.swift */; };
		976091651A0C461500C49248 /* LoginViewControllerTest.swift in Sources */ = {isa = PBXBuildFile; fileRef = 976091641A0C461500C49248 /* LoginViewControllerTest.swift */; };
		977B350A1A17D10200A90F72 /* ApiController.swift in Sources */ = {isa = PBXBuildFile; fileRef = 977B35091A17D10200A90F72 /* ApiController.swift */; };
		977B350B1A17D10200A90F72 /* ApiController.swift in Sources */ = {isa = PBXBuildFile; fileRef = 977B35091A17D10200A90F72 /* ApiController.swift */; };
		977B350D1A17D2D500A90F72 /* APIControllerDelegateProtocol.swift in Sources */ = {isa = PBXBuildFile; fileRef = 977B350C1A17D2D500A90F72 /* APIControllerDelegateProtocol.swift */; };
		977B350E1A17D2D500A90F72 /* APIControllerDelegateProtocol.swift in Sources */ = {isa = PBXBuildFile; fileRef = 977B350C1A17D2D500A90F72 /* APIControllerDelegateProtocol.swift */; };
		978FBBD01A117F230059DA70 /* IdentitySharingViewControllerTest.swift in Sources */ = {isa = PBXBuildFile; fileRef = 978FBBCF1A117F230059DA70 /* IdentitySharingViewControllerTest.swift */; };
		978FBBD21A11814B0059DA70 /* Settings.swift in Sources */ = {isa = PBXBuildFile; fileRef = 978FBBD11A11814B0059DA70 /* Settings.swift */; };
		978FBBD31A11814B0059DA70 /* Settings.swift in Sources */ = {isa = PBXBuildFile; fileRef = 978FBBD11A11814B0059DA70 /* Settings.swift */; };
		978FBBD71A1181FD0059DA70 /* SettingsTest.swift in Sources */ = {isa = PBXBuildFile; fileRef = 978FBBD51A1181FD0059DA70 /* SettingsTest.swift */; };
		978FBBD91A1189080059DA70 /* NamedSwitch.swift in Sources */ = {isa = PBXBuildFile; fileRef = 978FBBD81A1189080059DA70 /* NamedSwitch.swift */; };
		978FBBDA1A1189080059DA70 /* NamedSwitch.swift in Sources */ = {isa = PBXBuildFile; fileRef = 978FBBD81A1189080059DA70 /* NamedSwitch.swift */; };
		978FBBDE1A118BD50059DA70 /* SharingSettingsRestricted.swift in Sources */ = {isa = PBXBuildFile; fileRef = 978FBBDD1A118BD50059DA70 /* SharingSettingsRestricted.swift */; };
		978FBBDF1A118BD50059DA70 /* SharingSettingsRestricted.swift in Sources */ = {isa = PBXBuildFile; fileRef = 978FBBDD1A118BD50059DA70 /* SharingSettingsRestricted.swift */; };
		978FBBE11A118BF80059DA70 /* SharingSettingsCasual.swift in Sources */ = {isa = PBXBuildFile; fileRef = 978FBBE01A118BF80059DA70 /* SharingSettingsCasual.swift */; };
		978FBBE21A118BF80059DA70 /* SharingSettingsCasual.swift in Sources */ = {isa = PBXBuildFile; fileRef = 978FBBE01A118BF80059DA70 /* SharingSettingsCasual.swift */; };
		978FBBE41A118C040059DA70 /* SharingSettingsFriend.swift in Sources */ = {isa = PBXBuildFile; fileRef = 978FBBE31A118C040059DA70 /* SharingSettingsFriend.swift */; };
		978FBBE51A118C040059DA70 /* SharingSettingsFriend.swift in Sources */ = {isa = PBXBuildFile; fileRef = 978FBBE31A118C040059DA70 /* SharingSettingsFriend.swift */; };
		978FBBEA1A11B2FF0059DA70 /* SharingSettings.swift in Sources */ = {isa = PBXBuildFile; fileRef = 978FBBE91A11B2FF0059DA70 /* SharingSettings.swift */; };
		978FBBEB1A11B2FF0059DA70 /* SharingSettings.swift in Sources */ = {isa = PBXBuildFile; fileRef = 978FBBE91A11B2FF0059DA70 /* SharingSettings.swift */; };
		978FBBEE1A11B33D0059DA70 /* SharingSettingsTest.swift in Sources */ = {isa = PBXBuildFile; fileRef = 978FBBED1A11B33D0059DA70 /* SharingSettingsTest.swift */; };
		978FBBF01A1221AB0059DA70 /* CommunicationSharingViewController.swift in Sources */ = {isa = PBXBuildFile; fileRef = 978FBBEF1A1221AB0059DA70 /* CommunicationSharingViewController.swift */; };
		978FBBF11A1221AB0059DA70 /* CommunicationSharingViewController.swift in Sources */ = {isa = PBXBuildFile; fileRef = 978FBBEF1A1221AB0059DA70 /* CommunicationSharingViewController.swift */; };
		97ACFD651A1D159E006B55BE /* LoadingScreenViewController.swift in Sources */ = {isa = PBXBuildFile; fileRef = 97ACFD641A1D159E006B55BE /* LoadingScreenViewController.swift */; };
		97ACFD661A1D159E006B55BE /* LoadingScreenViewController.swift in Sources */ = {isa = PBXBuildFile; fileRef = 97ACFD641A1D159E006B55BE /* LoadingScreenViewController.swift */; };
		97ACFD711A1D75CD006B55BE /* UserDetails.swift in Sources */ = {isa = PBXBuildFile; fileRef = 97ACFD6F1A1D75CD006B55BE /* UserDetails.swift */; };
		97ACFD721A1D75CD006B55BE /* UserDetails.swift in Sources */ = {isa = PBXBuildFile; fileRef = 97ACFD6F1A1D75CD006B55BE /* UserDetails.swift */; };
		97ACFD731A1D75CD006B55BE /* UserDetailsDelegateProtocol.swift in Sources */ = {isa = PBXBuildFile; fileRef = 97ACFD701A1D75CD006B55BE /* UserDetailsDelegateProtocol.swift */; };
		97ACFD741A1D75CD006B55BE /* UserDetailsDelegateProtocol.swift in Sources */ = {isa = PBXBuildFile; fileRef = 97ACFD701A1D75CD006B55BE /* UserDetailsDelegateProtocol.swift */; };
		97B3D4991A0EAE7F0019628B /* UIMocks.swift in Sources */ = {isa = PBXBuildFile; fileRef = 97B3D4981A0EAE7F0019628B /* UIMocks.swift */; };
		97B3D49B1A0EAFC70019628B /* InitiateQRViewControllerTest.swift in Sources */ = {isa = PBXBuildFile; fileRef = 97B3D49A1A0EAFC70019628B /* InitiateQRViewControllerTest.swift */; };
		97B3D49D1A0EE9F50019628B /* Error.swift in Sources */ = {isa = PBXBuildFile; fileRef = 97B3D49C1A0EE9F50019628B /* Error.swift */; };
		97B3D49E1A0EEA5E0019628B /* Error.swift in Sources */ = {isa = PBXBuildFile; fileRef = 97B3D49C1A0EE9F50019628B /* Error.swift */; };
		97B3D4A01A0F5D110019628B /* MainViewControllerTest.swift in Sources */ = {isa = PBXBuildFile; fileRef = 97B3D49F1A0F5D110019628B /* MainViewControllerTest.swift */; };
		97BA3DBF1A12E08A0063940A /* SettingsProtocol.swift in Sources */ = {isa = PBXBuildFile; fileRef = 97BA3DBE1A12E08A0063940A /* SettingsProtocol.swift */; };
		97BA3DC01A12E08A0063940A /* SettingsProtocol.swift in Sources */ = {isa = PBXBuildFile; fileRef = 97BA3DBE1A12E08A0063940A /* SettingsProtocol.swift */; };
		97BA3DC21A12E1C70063940A /* SharingSettingsProtocol.swift in Sources */ = {isa = PBXBuildFile; fileRef = 97BA3DC11A12E1C70063940A /* SharingSettingsProtocol.swift */; };
		97BA3DC31A12E1C70063940A /* SharingSettingsProtocol.swift in Sources */ = {isa = PBXBuildFile; fileRef = 97BA3DC11A12E1C70063940A /* SharingSettingsProtocol.swift */; };
		97BA3DC51A12E8F10063940A /* ReciprocateNavigationController.swift in Sources */ = {isa = PBXBuildFile; fileRef = 97BA3DC41A12E8F10063940A /* ReciprocateNavigationController.swift */; };
		97BA3DC81A12EB030063940A /* CreatorWithSettingsProtocol.swift in Sources */ = {isa = PBXBuildFile; fileRef = 97BA3DC71A12EB030063940A /* CreatorWithSettingsProtocol.swift */; };
		97BA3DC91A12EB030063940A /* CreatorWithSettingsProtocol.swift in Sources */ = {isa = PBXBuildFile; fileRef = 97BA3DC71A12EB030063940A /* CreatorWithSettingsProtocol.swift */; };
		97BA3E3D1A145C140063940A /* ViewOtherDetailViewController.swift in Sources */ = {isa = PBXBuildFile; fileRef = 97BA3E3C1A145C140063940A /* ViewOtherDetailViewController.swift */; };
		97BA3E3E1A145C140063940A /* ViewOtherDetailViewController.swift in Sources */ = {isa = PBXBuildFile; fileRef = 97BA3E3C1A145C140063940A /* ViewOtherDetailViewController.swift */; };
		97BD025D1A0F6C4F0045F3D1 /* ReciprocateViewController.swift in Sources */ = {isa = PBXBuildFile; fileRef = 97BD025C1A0F6C4F0045F3D1 /* ReciprocateViewController.swift */; };
		97BD025E1A0F6C4F0045F3D1 /* ReciprocateViewController.swift in Sources */ = {isa = PBXBuildFile; fileRef = 97BD025C1A0F6C4F0045F3D1 /* ReciprocateViewController.swift */; };
		97BD02611A0F6CF00045F3D1 /* ReciprocateViewControllerTest.swift in Sources */ = {isa = PBXBuildFile; fileRef = 97BD025F1A0F6CF00045F3D1 /* ReciprocateViewControllerTest.swift */; };
		97BD02911A109E810045F3D1 /* DICTableViewController.swift in Sources */ = {isa = PBXBuildFile; fileRef = 97BD02901A109E810045F3D1 /* DICTableViewController.swift */; };
		97BD02921A109E810045F3D1 /* DICTableViewController.swift in Sources */ = {isa = PBXBuildFile; fileRef = 97BD02901A109E810045F3D1 /* DICTableViewController.swift */; };
		97BD02941A1129710045F3D1 /* ConnectionDetails.swift in Sources */ = {isa = PBXBuildFile; fileRef = 97BD02931A1129710045F3D1 /* ConnectionDetails.swift */; };
		97BD02951A1129710045F3D1 /* ConnectionDetails.swift in Sources */ = {isa = PBXBuildFile; fileRef = 97BD02931A1129710045F3D1 /* ConnectionDetails.swift */; };
		97BD02971A1136EA0045F3D1 /* IdentitySharingViewController.swift in Sources */ = {isa = PBXBuildFile; fileRef = 97BD02961A1136EA0045F3D1 /* IdentitySharingViewController.swift */; };
		97BD02981A1136EA0045F3D1 /* IdentitySharingViewController.swift in Sources */ = {isa = PBXBuildFile; fileRef = 97BD02961A1136EA0045F3D1 /* IdentitySharingViewController.swift */; };
		97D7C67C1A087280000F6BA5 /* Main.storyboard in Resources */ = {isa = PBXBuildFile; fileRef = 973F5DEC1A048839007DAC82 /* Main.storyboard */; };
		97D7C67D1A0872D2000F6BA5 /* FirstLaunchViewController.swift in Sources */ = {isa = PBXBuildFile; fileRef = 973B77DA1A07FF5F007E8726 /* FirstLaunchViewController.swift */; };
		97D7C67E1A0873AB000F6BA5 /* LoginViewController.swift in Sources */ = {isa = PBXBuildFile; fileRef = 973B77EA1A082C0D007E8726 /* LoginViewController.swift */; };
		97D7C67F1A0873AD000F6BA5 /* CreatePreliminaryViewController.swift in Sources */ = {isa = PBXBuildFile; fileRef = 973B77E81A082BDC007E8726 /* CreatePreliminaryViewController.swift */; };
		97D7C6801A0873B0000F6BA5 /* CreatedPreliminaryViewController.swift in Sources */ = {isa = PBXBuildFile; fileRef = 973B77DE1A080218007E8726 /* CreatedPreliminaryViewController.swift */; };
		97D7C6811A0873B4000F6BA5 /* CreateRegisteredViewController.swift in Sources */ = {isa = PBXBuildFile; fileRef = 973B77EC1A082C7C007E8726 /* CreateRegisteredViewController.swift */; };
		97D7C6821A0873B7000F6BA5 /* ConfirmRegistrationViewController.swift in Sources */ = {isa = PBXBuildFile; fileRef = 973B77EE1A082CB5007E8726 /* ConfirmRegistrationViewController.swift */; };
		97D7C6831A0873BA000F6BA5 /* MainViewController.swift in Sources */ = {isa = PBXBuildFile; fileRef = 973B77DC1A07FF6C007E8726 /* MainViewController.swift */; };
		97D7C6841A0873BC000F6BA5 /* SettingsViewController.swift in Sources */ = {isa = PBXBuildFile; fileRef = 973B77F01A082D04007E8726 /* SettingsViewController.swift */; };
		97D7C6851A0873BF000F6BA5 /* NotificationsViewController.swift in Sources */ = {isa = PBXBuildFile; fileRef = 973B77F21A082D41007E8726 /* NotificationsViewController.swift */; };
		97D7C6861A0873C1000F6BA5 /* InitiateViewController.swift in Sources */ = {isa = PBXBuildFile; fileRef = 973B77E21A082A5B007E8726 /* InitiateViewController.swift */; };
		97D7C6871A0873C4000F6BA5 /* InitiateQRViewController.swift in Sources */ = {isa = PBXBuildFile; fileRef = 973B77E61A082AC3007E8726 /* InitiateQRViewController.swift */; };
		97D7C6881A0873C7000F6BA5 /* NewContactViewController.swift in Sources */ = {isa = PBXBuildFile; fileRef = 973B77F41A082DF7007E8726 /* NewContactViewController.swift */; };
		97D7C68A1A0873D0000F6BA5 /* LaunchScreen.xib in Resources */ = {isa = PBXBuildFile; fileRef = 973F5DF11A048839007DAC82 /* LaunchScreen.xib */; };
		97D7C68B1A0873D7000F6BA5 /* Web.swift in Sources */ = {isa = PBXBuildFile; fileRef = 971382D51A0844AA008A39FD /* Web.swift */; };
		97D7C68C1A0873DA000F6BA5 /* AppDelegate.swift in Sources */ = {isa = PBXBuildFile; fileRef = 973F5DE81A048839007DAC82 /* AppDelegate.swift */; };
		97D7C68E1A08AE56000F6BA5 /* InitialViewController.swift in Sources */ = {isa = PBXBuildFile; fileRef = 97D7C68D1A08AE56000F6BA5 /* InitialViewController.swift */; };
		97D83DE21A15F60500F008F2 /* SendMessageViewController.swift in Sources */ = {isa = PBXBuildFile; fileRef = 97D83DE11A15F60500F008F2 /* SendMessageViewController.swift */; };
		97D83DE31A15F60500F008F2 /* SendMessageViewController.swift in Sources */ = {isa = PBXBuildFile; fileRef = 97D83DE11A15F60500F008F2 /* SendMessageViewController.swift */; };
/* End PBXBuildFile section */

/* Begin PBXContainerItemProxy section */
		973F5DF91A048839007DAC82 /* PBXContainerItemProxy */ = {
			isa = PBXContainerItemProxy;
			containerPortal = 973F5DDB1A048839007DAC82 /* Project object */;
			proxyType = 1;
			remoteGlobalIDString = 973F5DE21A048839007DAC82;
			remoteInfo = TrustMe4Good;
		};
/* End PBXContainerItemProxy section */

/* Begin PBXFileReference section */
		9707AB791A113B2300935F33 /* InitiateNavigationController.swift */ = {isa = PBXFileReference; fileEncoding = 4; lastKnownFileType = sourcecode.swift; path = InitiateNavigationController.swift; sourceTree = "<group>"; };
		9707AB7B1A1162AB00935F33 /* JSON.swift */ = {isa = PBXFileReference; fileEncoding = 4; lastKnownFileType = sourcecode.swift; path = JSON.swift; sourceTree = "<group>"; };
		971004AB1A09CDC10088D66B /* DICProtocol.swift */ = {isa = PBXFileReference; fileEncoding = 4; lastKnownFileType = sourcecode.swift; path = DICProtocol.swift; sourceTree = "<group>"; };
		971004AE1A09D20D0088D66B /* config.plist */ = {isa = PBXFileReference; fileEncoding = 4; lastKnownFileType = text.plist.xml; path = config.plist; sourceTree = "<group>"; };
		971004B01A09D42D0088D66B /* WebProtocol.swift */ = {isa = PBXFileReference; fileEncoding = 4; lastKnownFileType = sourcecode.swift; path = WebProtocol.swift; sourceTree = "<group>"; };
		971004B31A0AC2280088D66B /* DICViewController.swift */ = {isa = PBXFileReference; fileEncoding = 4; lastKnownFileType = sourcecode.swift; path = DICViewController.swift; sourceTree = "<group>"; };
		971004B61A0AC3750088D66B /* DICNavigationController.swift */ = {isa = PBXFileReference; fileEncoding = 4; lastKnownFileType = sourcecode.swift; path = DICNavigationController.swift; sourceTree = "<group>"; };
		971004B81A0AC5000088D66B /* MainTabBarController.swift */ = {isa = PBXFileReference; fileEncoding = 4; lastKnownFileType = sourcecode.swift; path = MainTabBarController.swift; sourceTree = "<group>"; };
		971004BA1A0AC5580088D66B /* DICTabBarController.swift */ = {isa = PBXFileReference; fileEncoding = 4; lastKnownFileType = sourcecode.swift; path = DICTabBarController.swift; sourceTree = "<group>"; };
		971218A21A0D962300D0C81A /* InitiateViewControllerTest.swift */ = {isa = PBXFileReference; fileEncoding = 4; lastKnownFileType = sourcecode.swift; path = InitiateViewControllerTest.swift; sourceTree = "<group>"; };
		971382D51A0844AA008A39FD /* Web.swift */ = {isa = PBXFileReference; fileEncoding = 4; lastKnownFileType = sourcecode.swift; path = Web.swift; sourceTree = "<group>"; };
		971382D81A085908008A39FD /* FirstLaunchViewControllerTests.swift */ = {isa = PBXFileReference; fileEncoding = 4; lastKnownFileType = sourcecode.swift; path = FirstLaunchViewControllerTests.swift; sourceTree = "<group>"; };
		972E35B11A0E069700F9EF52 /* QrCodeGenerator.swift */ = {isa = PBXFileReference; fileEncoding = 4; lastKnownFileType = sourcecode.swift; path = QrCodeGenerator.swift; sourceTree = "<group>"; };
		972E35B41A0E07EC00F9EF52 /* CodeGeneratorProtocol.swift */ = {isa = PBXFileReference; fileEncoding = 4; lastKnownFileType = sourcecode.swift; path = CodeGeneratorProtocol.swift; sourceTree = "<group>"; };
		972EF6541A0976B100BEE2C1 /* DIFactory.swift */ = {isa = PBXFileReference; fileEncoding = 4; lastKnownFileType = sourcecode.swift; path = DIFactory.swift; sourceTree = "<group>"; };
		972EF6571A0976C400BEE2C1 /* DIFactoryTest.swift */ = {isa = PBXFileReference; fileEncoding = 4; lastKnownFileType = sourcecode.swift; path = DIFactoryTest.swift; sourceTree = "<group>"; };
		973B77DA1A07FF5F007E8726 /* FirstLaunchViewController.swift */ = {isa = PBXFileReference; fileEncoding = 4; lastKnownFileType = sourcecode.swift; path = FirstLaunchViewController.swift; sourceTree = "<group>"; };
		973B77DC1A07FF6C007E8726 /* MainViewController.swift */ = {isa = PBXFileReference; fileEncoding = 4; lastKnownFileType = sourcecode.swift; path = MainViewController.swift; sourceTree = "<group>"; };
		973B77DE1A080218007E8726 /* CreatedPreliminaryViewController.swift */ = {isa = PBXFileReference; fileEncoding = 4; lastKnownFileType = sourcecode.swift; path = CreatedPreliminaryViewController.swift; sourceTree = "<group>"; };
		973B77E21A082A5B007E8726 /* InitiateViewController.swift */ = {isa = PBXFileReference; fileEncoding = 4; lastKnownFileType = sourcecode.swift; path = InitiateViewController.swift; sourceTree = "<group>"; };
		973B77E61A082AC3007E8726 /* InitiateQRViewController.swift */ = {isa = PBXFileReference; fileEncoding = 4; lastKnownFileType = sourcecode.swift; path = InitiateQRViewController.swift; sourceTree = "<group>"; };
		973B77E81A082BDC007E8726 /* CreatePreliminaryViewController.swift */ = {isa = PBXFileReference; fileEncoding = 4; lastKnownFileType = sourcecode.swift; path = CreatePreliminaryViewController.swift; sourceTree = "<group>"; };
		973B77EA1A082C0D007E8726 /* LoginViewController.swift */ = {isa = PBXFileReference; fileEncoding = 4; lastKnownFileType = sourcecode.swift; path = LoginViewController.swift; sourceTree = "<group>"; };
		973B77EC1A082C7C007E8726 /* CreateRegisteredViewController.swift */ = {isa = PBXFileReference; fileEncoding = 4; lastKnownFileType = sourcecode.swift; path = CreateRegisteredViewController.swift; sourceTree = "<group>"; };
		973B77EE1A082CB5007E8726 /* ConfirmRegistrationViewController.swift */ = {isa = PBXFileReference; fileEncoding = 4; lastKnownFileType = sourcecode.swift; path = ConfirmRegistrationViewController.swift; sourceTree = "<group>"; };
		973B77F01A082D04007E8726 /* SettingsViewController.swift */ = {isa = PBXFileReference; fileEncoding = 4; lastKnownFileType = sourcecode.swift; path = SettingsViewController.swift; sourceTree = "<group>"; };
		973B77F21A082D41007E8726 /* NotificationsViewController.swift */ = {isa = PBXFileReference; fileEncoding = 4; lastKnownFileType = sourcecode.swift; path = NotificationsViewController.swift; sourceTree = "<group>"; };
		973B77F41A082DF7007E8726 /* NewContactViewController.swift */ = {isa = PBXFileReference; fileEncoding = 4; lastKnownFileType = sourcecode.swift; path = NewContactViewController.swift; sourceTree = "<group>"; };
		973F5DE31A048839007DAC82 /* TrustMe4Good.app */ = {isa = PBXFileReference; explicitFileType = wrapper.application; includeInIndex = 0; path = TrustMe4Good.app; sourceTree = BUILT_PRODUCTS_DIR; };
		973F5DE71A048839007DAC82 /* Info.plist */ = {isa = PBXFileReference; lastKnownFileType = text.plist.xml; path = Info.plist; sourceTree = "<group>"; };
		973F5DE81A048839007DAC82 /* AppDelegate.swift */ = {isa = PBXFileReference; lastKnownFileType = sourcecode.swift; path = AppDelegate.swift; sourceTree = "<group>"; };
		973F5DED1A048839007DAC82 /* Base */ = {isa = PBXFileReference; lastKnownFileType = file.storyboard; name = Base; path = Base.lproj/Main.storyboard; sourceTree = "<group>"; };
		973F5DEF1A048839007DAC82 /* Images.xcassets */ = {isa = PBXFileReference; lastKnownFileType = folder.assetcatalog; path = Images.xcassets; sourceTree = "<group>"; };
		973F5DF21A048839007DAC82 /* Base */ = {isa = PBXFileReference; lastKnownFileType = file.xib; name = Base; path = Base.lproj/LaunchScreen.xib; sourceTree = "<group>"; };
		973F5DF81A048839007DAC82 /* TrustMe4GoodTests.xctest */ = {isa = PBXFileReference; explicitFileType = wrapper.cfbundle; includeInIndex = 0; path = TrustMe4GoodTests.xctest; sourceTree = BUILT_PRODUCTS_DIR; };
		973F5DFD1A048839007DAC82 /* Info.plist */ = {isa = PBXFileReference; lastKnownFileType = text.plist.xml; path = Info.plist; sourceTree = "<group>"; };
		974C06BD1A08D01300192CCB /* DICControllerProtocol.swift */ = {isa = PBXFileReference; fileEncoding = 4; lastKnownFileType = sourcecode.swift; path = DICControllerProtocol.swift; sourceTree = "<group>"; };
		974C06C01A093AAD00192CCB /* configTest.plist */ = {isa = PBXFileReference; fileEncoding = 4; lastKnownFileType = text.plist.xml; name = configTest.plist; path = ../TrustMe4Good/configTest.plist; sourceTree = "<group>"; };
		974C06C31A093BDD00192CCB /* SimpleFactory.swift */ = {isa = PBXFileReference; fileEncoding = 4; lastKnownFileType = sourcecode.swift; path = SimpleFactory.swift; sourceTree = "<group>"; };
		974C06C51A0953BA00192CCB /* SimpleFactoryTest.swift */ = {isa = PBXFileReference; fileEncoding = 4; lastKnownFileType = sourcecode.swift; path = SimpleFactoryTest.swift; sourceTree = "<group>"; };
		974F41B21A1C12C7003226B9 /* QrReader.swift */ = {isa = PBXFileReference; fileEncoding = 4; lastKnownFileType = sourcecode.swift; path = QrReader.swift; sourceTree = "<group>"; };
		9760915C1A0AD28400C49248 /* DICAppDelegate.swift */ = {isa = PBXFileReference; fileEncoding = 4; lastKnownFileType = sourcecode.swift; path = DICAppDelegate.swift; sourceTree = "<group>"; };
		976091611A0AE71800C49248 /* DIHelper.swift */ = {isa = PBXFileReference; fileEncoding = 4; lastKnownFileType = sourcecode.swift; path = DIHelper.swift; sourceTree = "<group>"; };
		976091641A0C461500C49248 /* LoginViewControllerTest.swift */ = {isa = PBXFileReference; fileEncoding = 4; lastKnownFileType = sourcecode.swift; path = LoginViewControllerTest.swift; sourceTree = "<group>"; };
		977B35091A17D10200A90F72 /* ApiController.swift */ = {isa = PBXFileReference; fileEncoding = 4; lastKnownFileType = sourcecode.swift; path = ApiController.swift; sourceTree = "<group>"; };
		977B350C1A17D2D500A90F72 /* APIControllerDelegateProtocol.swift */ = {isa = PBXFileReference; fileEncoding = 4; lastKnownFileType = sourcecode.swift; path = APIControllerDelegateProtocol.swift; sourceTree = "<group>"; };
		978FBBCF1A117F230059DA70 /* IdentitySharingViewControllerTest.swift */ = {isa = PBXFileReference; fileEncoding = 4; lastKnownFileType = sourcecode.swift; path = IdentitySharingViewControllerTest.swift; sourceTree = "<group>"; };
		978FBBD11A11814B0059DA70 /* Settings.swift */ = {isa = PBXFileReference; fileEncoding = 4; lastKnownFileType = sourcecode.swift; path = Settings.swift; sourceTree = "<group>"; };
		978FBBD51A1181FD0059DA70 /* SettingsTest.swift */ = {isa = PBXFileReference; fileEncoding = 4; lastKnownFileType = sourcecode.swift; path = SettingsTest.swift; sourceTree = "<group>"; };
		978FBBD81A1189080059DA70 /* NamedSwitch.swift */ = {isa = PBXFileReference; fileEncoding = 4; lastKnownFileType = sourcecode.swift; path = NamedSwitch.swift; sourceTree = "<group>"; };
		978FBBDD1A118BD50059DA70 /* SharingSettingsRestricted.swift */ = {isa = PBXFileReference; fileEncoding = 4; lastKnownFileType = sourcecode.swift; path = SharingSettingsRestricted.swift; sourceTree = "<group>"; };
		978FBBE01A118BF80059DA70 /* SharingSettingsCasual.swift */ = {isa = PBXFileReference; fileEncoding = 4; lastKnownFileType = sourcecode.swift; path = SharingSettingsCasual.swift; sourceTree = "<group>"; };
		978FBBE31A118C040059DA70 /* SharingSettingsFriend.swift */ = {isa = PBXFileReference; fileEncoding = 4; lastKnownFileType = sourcecode.swift; path = SharingSettingsFriend.swift; sourceTree = "<group>"; };
		978FBBE91A11B2FF0059DA70 /* SharingSettings.swift */ = {isa = PBXFileReference; fileEncoding = 4; lastKnownFileType = sourcecode.swift; path = SharingSettings.swift; sourceTree = "<group>"; };
		978FBBED1A11B33D0059DA70 /* SharingSettingsTest.swift */ = {isa = PBXFileReference; fileEncoding = 4; lastKnownFileType = sourcecode.swift; path = SharingSettingsTest.swift; sourceTree = "<group>"; };
		978FBBEF1A1221AB0059DA70 /* CommunicationSharingViewController.swift */ = {isa = PBXFileReference; fileEncoding = 4; lastKnownFileType = sourcecode.swift; path = CommunicationSharingViewController.swift; sourceTree = "<group>"; };
		97ACFD641A1D159E006B55BE /* LoadingScreenViewController.swift */ = {isa = PBXFileReference; fileEncoding = 4; lastKnownFileType = sourcecode.swift; path = LoadingScreenViewController.swift; sourceTree = "<group>"; };
		97ACFD6F1A1D75CD006B55BE /* UserDetails.swift */ = {isa = PBXFileReference; fileEncoding = 4; lastKnownFileType = sourcecode.swift; path = UserDetails.swift; sourceTree = "<group>"; };
		97ACFD701A1D75CD006B55BE /* UserDetailsDelegateProtocol.swift */ = {isa = PBXFileReference; fileEncoding = 4; lastKnownFileType = sourcecode.swift; path = UserDetailsDelegateProtocol.swift; sourceTree = "<group>"; };
		97B3D4981A0EAE7F0019628B /* UIMocks.swift */ = {isa = PBXFileReference; fileEncoding = 4; lastKnownFileType = sourcecode.swift; path = UIMocks.swift; sourceTree = "<group>"; };
		97B3D49A1A0EAFC70019628B /* InitiateQRViewControllerTest.swift */ = {isa = PBXFileReference; fileEncoding = 4; lastKnownFileType = sourcecode.swift; path = InitiateQRViewControllerTest.swift; sourceTree = "<group>"; };
		97B3D49C1A0EE9F50019628B /* Error.swift */ = {isa = PBXFileReference; fileEncoding = 4; lastKnownFileType = sourcecode.swift; path = Error.swift; sourceTree = "<group>"; };
		97B3D49F1A0F5D110019628B /* MainViewControllerTest.swift */ = {isa = PBXFileReference; fileEncoding = 4; lastKnownFileType = sourcecode.swift; path = MainViewControllerTest.swift; sourceTree = "<group>"; };
		97BA3DBE1A12E08A0063940A /* SettingsProtocol.swift */ = {isa = PBXFileReference; fileEncoding = 4; lastKnownFileType = sourcecode.swift; path = SettingsProtocol.swift; sourceTree = "<group>"; };
		97BA3DC11A12E1C70063940A /* SharingSettingsProtocol.swift */ = {isa = PBXFileReference; fileEncoding = 4; lastKnownFileType = sourcecode.swift; path = SharingSettingsProtocol.swift; sourceTree = "<group>"; };
		97BA3DC41A12E8F10063940A /* ReciprocateNavigationController.swift */ = {isa = PBXFileReference; fileEncoding = 4; lastKnownFileType = sourcecode.swift; path = ReciprocateNavigationController.swift; sourceTree = "<group>"; };
		97BA3DC71A12EB030063940A /* CreatorWithSettingsProtocol.swift */ = {isa = PBXFileReference; fileEncoding = 4; lastKnownFileType = sourcecode.swift; path = CreatorWithSettingsProtocol.swift; sourceTree = "<group>"; };
		97BA3E3C1A145C140063940A /* ViewOtherDetailViewController.swift */ = {isa = PBXFileReference; fileEncoding = 4; lastKnownFileType = sourcecode.swift; path = ViewOtherDetailViewController.swift; sourceTree = "<group>"; };
		97BD025C1A0F6C4F0045F3D1 /* ReciprocateViewController.swift */ = {isa = PBXFileReference; fileEncoding = 4; lastKnownFileType = sourcecode.swift; path = ReciprocateViewController.swift; sourceTree = "<group>"; };
		97BD025F1A0F6CF00045F3D1 /* ReciprocateViewControllerTest.swift */ = {isa = PBXFileReference; fileEncoding = 4; lastKnownFileType = sourcecode.swift; path = ReciprocateViewControllerTest.swift; sourceTree = "<group>"; };
		97BD02901A109E810045F3D1 /* DICTableViewController.swift */ = {isa = PBXFileReference; fileEncoding = 4; lastKnownFileType = sourcecode.swift; path = DICTableViewController.swift; sourceTree = "<group>"; };
		97BD02931A1129710045F3D1 /* ConnectionDetails.swift */ = {isa = PBXFileReference; fileEncoding = 4; lastKnownFileType = sourcecode.swift; path = ConnectionDetails.swift; sourceTree = "<group>"; };
		97BD02961A1136EA0045F3D1 /* IdentitySharingViewController.swift */ = {isa = PBXFileReference; fileEncoding = 4; lastKnownFileType = sourcecode.swift; path = IdentitySharingViewController.swift; sourceTree = "<group>"; };
		97D7C68D1A08AE56000F6BA5 /* InitialViewController.swift */ = {isa = PBXFileReference; fileEncoding = 4; lastKnownFileType = sourcecode.swift; path = InitialViewController.swift; sourceTree = "<group>"; };
		97D83DE11A15F60500F008F2 /* SendMessageViewController.swift */ = {isa = PBXFileReference; fileEncoding = 4; lastKnownFileType = sourcecode.swift; path = SendMessageViewController.swift; sourceTree = "<group>"; };
/* End PBXFileReference section */

/* Begin PBXFrameworksBuildPhase section */
		973F5DE01A048839007DAC82 /* Frameworks */ = {
			isa = PBXFrameworksBuildPhase;
			buildActionMask = 2147483647;
			files = (
			);
			runOnlyForDeploymentPostprocessing = 0;
		};
		973F5DF51A048839007DAC82 /* Frameworks */ = {
			isa = PBXFrameworksBuildPhase;
			buildActionMask = 2147483647;
			files = (
			);
			runOnlyForDeploymentPostprocessing = 0;
		};
/* End PBXFrameworksBuildPhase section */

/* Begin PBXGroup section */
		971382D21A0843E3008A39FD /* ViewControllers */ = {
			isa = PBXGroup;
			children = (
				97ACFD681A1D42A9006B55BE /* App initializiation */,
				97ACFD671A1D4286006B55BE /* Create User */,
				971004B81A0AC5000088D66B /* MainTabBarController.swift */,
				973B77DC1A07FF6C007E8726 /* MainViewController.swift */,
				973B77F01A082D04007E8726 /* SettingsViewController.swift */,
				973B77F21A082D41007E8726 /* NotificationsViewController.swift */,
				9707AB791A113B2300935F33 /* InitiateNavigationController.swift */,
				97BA3DC71A12EB030063940A /* CreatorWithSettingsProtocol.swift */,
				973B77E21A082A5B007E8726 /* InitiateViewController.swift */,
				97BD02961A1136EA0045F3D1 /* IdentitySharingViewController.swift */,
				978FBBEF1A1221AB0059DA70 /* CommunicationSharingViewController.swift */,
				973B77E61A082AC3007E8726 /* InitiateQRViewController.swift */,
				973B77F41A082DF7007E8726 /* NewContactViewController.swift */,
				97BA3DC41A12E8F10063940A /* ReciprocateNavigationController.swift */,
				97BD025C1A0F6C4F0045F3D1 /* ReciprocateViewController.swift */,
				97BA3E3C1A145C140063940A /* ViewOtherDetailViewController.swift */,
				97D83DE11A15F60500F008F2 /* SendMessageViewController.swift */,
			);
			name = ViewControllers;
			sourceTree = "<group>";
		};
		971382D31A08442E008A39FD /* Model */ = {
			isa = PBXGroup;
			children = (
				97ACFD6F1A1D75CD006B55BE /* UserDetails.swift */,
				97ACFD701A1D75CD006B55BE /* UserDetailsDelegateProtocol.swift */,
				978FBBDC1A118B9C0059DA70 /* InitiateSharingSettings */,
				97BD02931A1129710045F3D1 /* ConnectionDetails.swift */,
			);
			name = Model;
			sourceTree = "<group>";
		};
		971382D41A084454008A39FD /* UI */ = {
			isa = PBXGroup;
			children = (
				973F5DEC1A048839007DAC82 /* Main.storyboard */,
				973F5DF11A048839007DAC82 /* LaunchScreen.xib */,
			);
			name = UI;
			sourceTree = "<group>";
		};
		971382D71A0858CA008A39FD /* ViewControllersTests */ = {
			isa = PBXGroup;
			children = (
				971382D81A085908008A39FD /* FirstLaunchViewControllerTests.swift */,
				976091641A0C461500C49248 /* LoginViewControllerTest.swift */,
				97B3D49F1A0F5D110019628B /* MainViewControllerTest.swift */,
				971218A21A0D962300D0C81A /* InitiateViewControllerTest.swift */,
				978FBBCF1A117F230059DA70 /* IdentitySharingViewControllerTest.swift */,
				97B3D49A1A0EAFC70019628B /* InitiateQRViewControllerTest.swift */,
				97BD025F1A0F6CF00045F3D1 /* ReciprocateViewControllerTest.swift */,
			);
			name = ViewControllersTests;
			sourceTree = "<group>";
		};
		972EF6531A09766600BEE2C1 /* aae */ = {
			isa = PBXGroup;
			children = (
				978FBBD41A1181E80059DA70 /* std */,
				972EF65A1A097A0700BEE2C1 /* DIFactoryTestData */,
			);
			name = aae;
			sourceTree = "<group>";
		};
		972EF65A1A097A0700BEE2C1 /* DIFactoryTestData */ = {
			isa = PBXGroup;
			children = (
				974C06C01A093AAD00192CCB /* configTest.plist */,
			);
			name = DIFactoryTestData;
			sourceTree = "<group>";
		};
		973F5DDA1A048839007DAC82 = {
			isa = PBXGroup;
			children = (
				973F5DE51A048839007DAC82 /* TrustMe4Good */,
				973F5DFB1A048839007DAC82 /* TrustMe4GoodTests */,
				973F5DE41A048839007DAC82 /* Products */,
			);
			sourceTree = "<group>";
		};
		973F5DE41A048839007DAC82 /* Products */ = {
			isa = PBXGroup;
			children = (
				973F5DE31A048839007DAC82 /* TrustMe4Good.app */,
				973F5DF81A048839007DAC82 /* TrustMe4GoodTests.xctest */,
			);
			name = Products;
			sourceTree = "<group>";
		};
		973F5DE51A048839007DAC82 /* TrustMe4Good */ = {
			isa = PBXGroup;
			children = (
				974C06C21A093B5500192CCB /* aae */,
				971382D31A08442E008A39FD /* Model */,
				971382D21A0843E3008A39FD /* ViewControllers */,
				973F5DEF1A048839007DAC82 /* Images.xcassets */,
				971382D41A084454008A39FD /* UI */,
				973F5DE61A048839007DAC82 /* Supporting Files */,
			);
			path = TrustMe4Good;
			sourceTree = "<group>";
		};
		973F5DE61A048839007DAC82 /* Supporting Files */ = {
			isa = PBXGroup;
			children = (
				973F5DE71A048839007DAC82 /* Info.plist */,
				971004AE1A09D20D0088D66B /* config.plist */,
			);
			name = "Supporting Files";
			sourceTree = "<group>";
		};
		973F5DFB1A048839007DAC82 /* TrustMe4GoodTests */ = {
			isa = PBXGroup;
			children = (
				978FBBEC1A11B32B0059DA70 /* ModelTests */,
				97B3D4971A0EAE5B0019628B /* Mocks */,
				972EF6531A09766600BEE2C1 /* aae */,
				971382D71A0858CA008A39FD /* ViewControllersTests */,
				973F5DFC1A048839007DAC82 /* Supporting Files */,
			);
			path = TrustMe4GoodTests;
			sourceTree = "<group>";
		};
		973F5DFC1A048839007DAC82 /* Supporting Files */ = {
			isa = PBXGroup;
			children = (
				973F5DFD1A048839007DAC82 /* Info.plist */,
			);
			name = "Supporting Files";
			sourceTree = "<group>";
		};
		974C06C21A093B5500192CCB /* aae */ = {
			isa = PBXGroup;
			children = (
				976091601A0AD41000C49248 /* std */,
				9760915F1A0AD3FD00C49248 /* di */,
				978FBBDB1A1189130059DA70 /* ui */,
			);
			name = aae;
			sourceTree = "<group>";
		};
		9760915F1A0AD3FD00C49248 /* di */ = {
			isa = PBXGroup;
			children = (
				972EF6541A0976B100BEE2C1 /* DIFactory.swift */,
				971004AB1A09CDC10088D66B /* DICProtocol.swift */,
				976091611A0AE71800C49248 /* DIHelper.swift */,
				974C06BD1A08D01300192CCB /* DICControllerProtocol.swift */,
				971004B31A0AC2280088D66B /* DICViewController.swift */,
				971004B61A0AC3750088D66B /* DICNavigationController.swift */,
				971004BA1A0AC5580088D66B /* DICTabBarController.swift */,
				97BD02901A109E810045F3D1 /* DICTableViewController.swift */,
				9760915C1A0AD28400C49248 /* DICAppDelegate.swift */,
			);
			name = di;
			sourceTree = "<group>";
		};
		976091601A0AD41000C49248 /* std */ = {
			isa = PBXGroup;
			children = (
				972E35B41A0E07EC00F9EF52 /* CodeGeneratorProtocol.swift */,
				972E35B11A0E069700F9EF52 /* QrCodeGenerator.swift */,
				974F41B21A1C12C7003226B9 /* QrReader.swift */,
				971004B01A09D42D0088D66B /* WebProtocol.swift */,
				971382D51A0844AA008A39FD /* Web.swift */,
				977B350C1A17D2D500A90F72 /* APIControllerDelegateProtocol.swift */,
				977B35091A17D10200A90F72 /* ApiController.swift */,
				9707AB7B1A1162AB00935F33 /* JSON.swift */,
				974C06C31A093BDD00192CCB /* SimpleFactory.swift */,
				97B3D49C1A0EE9F50019628B /* Error.swift */,
				97BA3DBE1A12E08A0063940A /* SettingsProtocol.swift */,
				978FBBD11A11814B0059DA70 /* Settings.swift */,
			);
			name = std;
			sourceTree = "<group>";
		};
		978FBBD41A1181E80059DA70 /* std */ = {
			isa = PBXGroup;
			children = (
				974C06C51A0953BA00192CCB /* SimpleFactoryTest.swift */,
				972EF6571A0976C400BEE2C1 /* DIFactoryTest.swift */,
				978FBBD51A1181FD0059DA70 /* SettingsTest.swift */,
			);
			name = std;
			sourceTree = "<group>";
		};
		978FBBDB1A1189130059DA70 /* ui */ = {
			isa = PBXGroup;
			children = (
				978FBBD81A1189080059DA70 /* NamedSwitch.swift */,
			);
			name = ui;
			sourceTree = "<group>";
		};
		978FBBDC1A118B9C0059DA70 /* InitiateSharingSettings */ = {
			isa = PBXGroup;
			children = (
				97BA3DC11A12E1C70063940A /* SharingSettingsProtocol.swift */,
				978FBBDD1A118BD50059DA70 /* SharingSettingsRestricted.swift */,
				978FBBE01A118BF80059DA70 /* SharingSettingsCasual.swift */,
				978FBBE31A118C040059DA70 /* SharingSettingsFriend.swift */,
				978FBBE91A11B2FF0059DA70 /* SharingSettings.swift */,
			);
			name = InitiateSharingSettings;
			sourceTree = "<group>";
		};
		978FBBEC1A11B32B0059DA70 /* ModelTests */ = {
			isa = PBXGroup;
			children = (
				978FBBED1A11B33D0059DA70 /* SharingSettingsTest.swift */,
			);
			name = ModelTests;
			sourceTree = "<group>";
		};
		97ACFD671A1D4286006B55BE /* Create User */ = {
			isa = PBXGroup;
			children = (
				973B77E81A082BDC007E8726 /* CreatePreliminaryViewController.swift */,
				973B77DE1A080218007E8726 /* CreatedPreliminaryViewController.swift */,
				973B77EC1A082C7C007E8726 /* CreateRegisteredViewController.swift */,
				973B77EE1A082CB5007E8726 /* ConfirmRegistrationViewController.swift */,
			);
			name = "Create User";
			sourceTree = "<group>";
		};
		97ACFD681A1D42A9006B55BE /* App initializiation */ = {
			isa = PBXGroup;
			children = (
				973F5DE81A048839007DAC82 /* AppDelegate.swift */,
				97ACFD641A1D159E006B55BE /* LoadingScreenViewController.swift */,
				97D7C68D1A08AE56000F6BA5 /* InitialViewController.swift */,
				973B77DA1A07FF5F007E8726 /* FirstLaunchViewController.swift */,
				973B77EA1A082C0D007E8726 /* LoginViewController.swift */,
			);
			name = "App initializiation";
			sourceTree = "<group>";
		};
		97B3D4971A0EAE5B0019628B /* Mocks */ = {
			isa = PBXGroup;
			children = (
				97B3D4981A0EAE7F0019628B /* UIMocks.swift */,
			);
			name = Mocks;
			sourceTree = "<group>";
		};
/* End PBXGroup section */

/* Begin PBXNativeTarget section */
		973F5DE21A048839007DAC82 /* TrustMe4Good */ = {
			isa = PBXNativeTarget;
			buildConfigurationList = 973F5E021A048839007DAC82 /* Build configuration list for PBXNativeTarget "TrustMe4Good" */;
			buildPhases = (
				973F5DDF1A048839007DAC82 /* Sources */,
				973F5DE01A048839007DAC82 /* Frameworks */,
				973F5DE11A048839007DAC82 /* Resources */,
			);
			buildRules = (
			);
			dependencies = (
			);
			name = TrustMe4Good;
			productName = TrustMe4Good;
			productReference = 973F5DE31A048839007DAC82 /* TrustMe4Good.app */;
			productType = "com.apple.product-type.application";
		};
		973F5DF71A048839007DAC82 /* TrustMe4GoodTests */ = {
			isa = PBXNativeTarget;
			buildConfigurationList = 973F5E051A048839007DAC82 /* Build configuration list for PBXNativeTarget "TrustMe4GoodTests" */;
			buildPhases = (
				973F5DF41A048839007DAC82 /* Sources */,
				973F5DF51A048839007DAC82 /* Frameworks */,
				973F5DF61A048839007DAC82 /* Resources */,
			);
			buildRules = (
			);
			dependencies = (
				973F5DFA1A048839007DAC82 /* PBXTargetDependency */,
			);
			name = TrustMe4GoodTests;
			productName = TrustMe4GoodTests;
			productReference = 973F5DF81A048839007DAC82 /* TrustMe4GoodTests.xctest */;
			productType = "com.apple.product-type.bundle.unit-test";
		};
/* End PBXNativeTarget section */

/* Begin PBXProject section */
		973F5DDB1A048839007DAC82 /* Project object */ = {
			isa = PBXProject;
			attributes = {
				LastUpgradeCheck = 0610;
				ORGANIZATIONNAME = "Axel Ancona Esselmann";
				TargetAttributes = {
					973F5DE21A048839007DAC82 = {
						CreatedOnToolsVersion = 6.1;
						DevelopmentTeam = D7MN23CD5F;
					};
					973F5DF71A048839007DAC82 = {
						CreatedOnToolsVersion = 6.1;
						TestTargetID = 973F5DE21A048839007DAC82;
					};
				};
			};
			buildConfigurationList = 973F5DDE1A048839007DAC82 /* Build configuration list for PBXProject "TrustMe4Good" */;
			compatibilityVersion = "Xcode 3.2";
			developmentRegion = English;
			hasScannedForEncodings = 0;
			knownRegions = (
				en,
				Base,
			);
			mainGroup = 973F5DDA1A048839007DAC82;
			productRefGroup = 973F5DE41A048839007DAC82 /* Products */;
			projectDirPath = "";
			projectRoot = "";
			targets = (
				973F5DE21A048839007DAC82 /* TrustMe4Good */,
				973F5DF71A048839007DAC82 /* TrustMe4GoodTests */,
			);
		};
/* End PBXProject section */

/* Begin PBXResourcesBuildPhase section */
		973F5DE11A048839007DAC82 /* Resources */ = {
			isa = PBXResourcesBuildPhase;
			buildActionMask = 2147483647;
			files = (
				974C06C11A093AAD00192CCB /* configTest.plist in Resources */,
				973F5DEE1A048839007DAC82 /* Main.storyboard in Resources */,
				973F5DF31A048839007DAC82 /* LaunchScreen.xib in Resources */,
				973F5DF01A048839007DAC82 /* Images.xcassets in Resources */,
				971004AF1A09D20D0088D66B /* config.plist in Resources */,
			);
			runOnlyForDeploymentPostprocessing = 0;
		};
		973F5DF61A048839007DAC82 /* Resources */ = {
			isa = PBXResourcesBuildPhase;
			buildActionMask = 2147483647;
			files = (
				97D7C68A1A0873D0000F6BA5 /* LaunchScreen.xib in Resources */,
				97D7C67C1A087280000F6BA5 /* Main.storyboard in Resources */,
			);
			runOnlyForDeploymentPostprocessing = 0;
		};
/* End PBXResourcesBuildPhase section */

/* Begin PBXSourcesBuildPhase section */
		973F5DDF1A048839007DAC82 /* Sources */ = {
			isa = PBXSourcesBuildPhase;
			buildActionMask = 2147483647;
			files = (
				97BA3DC51A12E8F10063940A /* ReciprocateNavigationController.swift in Sources */,
				978FBBDE1A118BD50059DA70 /* SharingSettingsRestricted.swift in Sources */,
				974C06BE1A08D01300192CCB /* DICControllerProtocol.swift in Sources */,
				9707AB7C1A1162AB00935F33 /* JSON.swift in Sources */,
				978FBBE41A118C040059DA70 /* SharingSettingsFriend.swift in Sources */,
				972E35B21A0E069700F9EF52 /* QrCodeGenerator.swift in Sources */,
				977B350D1A17D2D500A90F72 /* APIControllerDelegateProtocol.swift in Sources */,
				973B77EB1A082C0D007E8726 /* LoginViewController.swift in Sources */,
				971004B91A0AC5000088D66B /* MainTabBarController.swift in Sources */,
				97BA3DC21A12E1C70063940A /* SharingSettingsProtocol.swift in Sources */,
				9760915D1A0AD28400C49248 /* DICAppDelegate.swift in Sources */,
				978FBBD21A11814B0059DA70 /* Settings.swift in Sources */,
				973B77DF1A080218007E8726 /* CreatedPreliminaryViewController.swift in Sources */,
				971004B11A09D42D0088D66B /* WebProtocol.swift in Sources */,
				973B77DB1A07FF5F007E8726 /* FirstLaunchViewController.swift in Sources */,
				97BD02941A1129710045F3D1 /* ConnectionDetails.swift in Sources */,
				974F41B31A1C12C7003226B9 /* QrReader.swift in Sources */,
				97BA3DC81A12EB030063940A /* CreatorWithSettingsProtocol.swift in Sources */,
				971382D61A0844AA008A39FD /* Web.swift in Sources */,
				973B77F31A082D41007E8726 /* NotificationsViewController.swift in Sources */,
				971004AC1A09CDC10088D66B /* DICProtocol.swift in Sources */,
				977B350A1A17D10200A90F72 /* ApiController.swift in Sources */,
				973B77EF1A082CB5007E8726 /* ConfirmRegistrationViewController.swift in Sources */,
				978FBBF01A1221AB0059DA70 /* CommunicationSharingViewController.swift in Sources */,
				973B77E31A082A5B007E8726 /* InitiateViewController.swift in Sources */,
				972EF6551A0976B100BEE2C1 /* DIFactory.swift in Sources */,
				973F5DE91A048839007DAC82 /* AppDelegate.swift in Sources */,
				97ACFD711A1D75CD006B55BE /* UserDetails.swift in Sources */,
				973B77E71A082AC3007E8726 /* InitiateQRViewController.swift in Sources */,
				973B77ED1A082C7C007E8726 /* CreateRegisteredViewController.swift in Sources */,
				973B77F51A082DF7007E8726 /* NewContactViewController.swift in Sources */,
				974C06C41A093BDD00192CCB /* SimpleFactory.swift in Sources */,
				971004B41A0AC2280088D66B /* DICViewController.swift in Sources */,
				97ACFD651A1D159E006B55BE /* LoadingScreenViewController.swift in Sources */,
				972E35B51A0E07EC00F9EF52 /* CodeGeneratorProtocol.swift in Sources */,
				973B77DD1A07FF6C007E8726 /* MainViewController.swift in Sources */,
				973B77E91A082BDC007E8726 /* CreatePreliminaryViewController.swift in Sources */,
				973B77F11A082D04007E8726 /* SettingsViewController.swift in Sources */,
				976091621A0AE71800C49248 /* DIHelper.swift in Sources */,
				97BA3DBF1A12E08A0063940A /* SettingsProtocol.swift in Sources */,
				97BA3E3D1A145C140063940A /* ViewOtherDetailViewController.swift in Sources */,
				97D7C68E1A08AE56000F6BA5 /* InitialViewController.swift in Sources */,
				971004B71A0AC3750088D66B /* DICNavigationController.swift in Sources */,
				978FBBEA1A11B2FF0059DA70 /* SharingSettings.swift in Sources */,
				97BD02911A109E810045F3D1 /* DICTableViewController.swift in Sources */,
				97BD02971A1136EA0045F3D1 /* IdentitySharingViewController.swift in Sources */,
				978FBBE11A118BF80059DA70 /* SharingSettingsCasual.swift in Sources */,
				97B3D49D1A0EE9F50019628B /* Error.swift in Sources */,
				97D83DE21A15F60500F008F2 /* SendMessageViewController.swift in Sources */,
				97BD025D1A0F6C4F0045F3D1 /* ReciprocateViewController.swift in Sources */,
				97ACFD731A1D75CD006B55BE /* UserDetailsDelegateProtocol.swift in Sources */,
				9707AB7A1A113B2300935F33 /* InitiateNavigationController.swift in Sources */,
				978FBBD91A1189080059DA70 /* NamedSwitch.swift in Sources */,
				971004BB1A0AC5580088D66B /* DICTabBarController.swift in Sources */,
			);
			runOnlyForDeploymentPostprocessing = 0;
		};
		973F5DF41A048839007DAC82 /* Sources */ = {
			isa = PBXSourcesBuildPhase;
			buildActionMask = 2147483647;
			files = (
				97ACFD661A1D159E006B55BE /* LoadingScreenViewController.swift in Sources */,
				97D7C67F1A0873AD000F6BA5 /* CreatePreliminaryViewController.swift in Sources */,
				971004B51A0AC2EA0088D66B /* DICViewController.swift in Sources */,
				97D7C6861A0873C1000F6BA5 /* InitiateViewController.swift in Sources */,
				97B3D4991A0EAE7F0019628B /* UIMocks.swift in Sources */,
				9760915E1A0AD28600C49248 /* DICAppDelegate.swift in Sources */,
				97BA3E3E1A145C140063940A /* ViewOtherDetailViewController.swift in Sources */,
				97D7C68B1A0873D7000F6BA5 /* Web.swift in Sources */,
				97D83DE31A15F60500F008F2 /* SendMessageViewController.swift in Sources */,
				97D7C67E1A0873AB000F6BA5 /* LoginViewController.swift in Sources */,
				978FBBD01A117F230059DA70 /* IdentitySharingViewControllerTest.swift in Sources */,
				97D7C6821A0873B7000F6BA5 /* ConfirmRegistrationViewController.swift in Sources */,
				97D7C6871A0873C4000F6BA5 /* InitiateQRViewController.swift in Sources */,
				97BA3DC31A12E1C70063940A /* SharingSettingsProtocol.swift in Sources */,
				97D7C6841A0873BC000F6BA5 /* SettingsViewController.swift in Sources */,
				974C06C61A0953BA00192CCB /* SimpleFactoryTest.swift in Sources */,
				97BD02981A1136EA0045F3D1 /* IdentitySharingViewController.swift in Sources */,
				971382D91A085908008A39FD /* FirstLaunchViewControllerTests.swift in Sources */,
				971004AD1A09CE480088D66B /* DICProtocol.swift in Sources */,
				97D7C67D1A0872D2000F6BA5 /* FirstLaunchViewController.swift in Sources */,
				97BD025E1A0F6C4F0045F3D1 /* ReciprocateViewController.swift in Sources */,
				97B3D49B1A0EAFC70019628B /* InitiateQRViewControllerTest.swift in Sources */,
				97D7C6801A0873B0000F6BA5 /* CreatedPreliminaryViewController.swift in Sources */,
				978FBBD31A11814B0059DA70 /* Settings.swift in Sources */,
				971004B21A09D6140088D66B /* WebProtocol.swift in Sources */,
				974C06BF1A08D16300192CCB /* DICControllerProtocol.swift in Sources */,
				97ACFD741A1D75CD006B55BE /* UserDetailsDelegateProtocol.swift in Sources */,
				978FBBD71A1181FD0059DA70 /* SettingsTest.swift in Sources */,
				978FBBF11A1221AB0059DA70 /* CommunicationSharingViewController.swift in Sources */,
				976091651A0C461500C49248 /* LoginViewControllerTest.swift in Sources */,
				978FBBDA1A1189080059DA70 /* NamedSwitch.swift in Sources */,
				971218A31A0D962300D0C81A /* InitiateViewControllerTest.swift in Sources */,
				977B350E1A17D2D500A90F72 /* APIControllerDelegateProtocol.swift in Sources */,
				974C06C71A0953EF00192CCB /* SimpleFactory.swift in Sources */,
				97BD02921A109E810045F3D1 /* DICTableViewController.swift in Sources */,
				97BA3DC01A12E08A0063940A /* SettingsProtocol.swift in Sources */,
				978FBBDF1A118BD50059DA70 /* SharingSettingsRestricted.swift in Sources */,
				97D7C6831A0873BA000F6BA5 /* MainViewController.swift in Sources */,
				97D7C6851A0873BF000F6BA5 /* NotificationsViewController.swift in Sources */,
				972EF6591A0976C400BEE2C1 /* DIFactoryTest.swift in Sources */,
				97BA3DC91A12EB030063940A /* CreatorWithSettingsProtocol.swift in Sources */,
				9707AB7D1A11632400935F33 /* JSON.swift in Sources */,
				978FBBE21A118BF80059DA70 /* SharingSettingsCasual.swift in Sources */,
				972E35B31A0E069700F9EF52 /* QrCodeGenerator.swift in Sources */,
				97B3D49E1A0EEA5E0019628B /* Error.swift in Sources */,
				972EF6561A0976B100BEE2C1 /* DIFactory.swift in Sources */,
				978FBBEE1A11B33D0059DA70 /* SharingSettingsTest.swift in Sources */,
				97D7C6881A0873C7000F6BA5 /* NewContactViewController.swift in Sources */,
				976091631A0AE84000C49248 /* DIHelper.swift in Sources */,
				978FBBE51A118C040059DA70 /* SharingSettingsFriend.swift in Sources */,
				97BD02951A1129710045F3D1 /* ConnectionDetails.swift in Sources */,
				974F41B41A1C12C7003226B9 /* QrReader.swift in Sources */,
				972E35B61A0E07EC00F9EF52 /* CodeGeneratorProtocol.swift in Sources */,
				97BD02611A0F6CF00045F3D1 /* ReciprocateViewControllerTest.swift in Sources */,
				97D7C68C1A0873DA000F6BA5 /* AppDelegate.swift in Sources */,
				978FBBEB1A11B2FF0059DA70 /* SharingSettings.swift in Sources */,
				97ACFD721A1D75CD006B55BE /* UserDetails.swift in Sources */,
				97D7C6811A0873B4000F6BA5 /* CreateRegisteredViewController.swift in Sources */,
				977B350B1A17D10200A90F72 /* ApiController.swift in Sources */,
				97B3D4A01A0F5D110019628B /* MainViewControllerTest.swift in Sources */,
			);
			runOnlyForDeploymentPostprocessing = 0;
		};
/* End PBXSourcesBuildPhase section */

/* Begin PBXTargetDependency section */
		973F5DFA1A048839007DAC82 /* PBXTargetDependency */ = {
			isa = PBXTargetDependency;
			target = 973F5DE21A048839007DAC82 /* TrustMe4Good */;
			targetProxy = 973F5DF91A048839007DAC82 /* PBXContainerItemProxy */;
		};
/* End PBXTargetDependency section */

/* Begin PBXVariantGroup section */
		973F5DEC1A048839007DAC82 /* Main.storyboard */ = {
			isa = PBXVariantGroup;
			children = (
				973F5DED1A048839007DAC82 /* Base */,
			);
			name = Main.storyboard;
			sourceTree = "<group>";
		};
		973F5DF11A048839007DAC82 /* LaunchScreen.xib */ = {
			isa = PBXVariantGroup;
			children = (
				973F5DF21A048839007DAC82 /* Base */,
			);
			name = LaunchScreen.xib;
			sourceTree = "<group>";
		};
/* End PBXVariantGroup section */

/* Begin XCBuildConfiguration section */
		973F5E001A048839007DAC82 /* Debug */ = {
			isa = XCBuildConfiguration;
			buildSettings = {
				ALWAYS_SEARCH_USER_PATHS = NO;
				CLANG_CXX_LANGUAGE_STANDARD = "gnu++0x";
				CLANG_CXX_LIBRARY = "libc++";
				CLANG_ENABLE_MODULES = YES;
				CLANG_ENABLE_OBJC_ARC = YES;
				CLANG_WARN_BOOL_CONVERSION = YES;
				CLANG_WARN_CONSTANT_CONVERSION = YES;
				CLANG_WARN_DIRECT_OBJC_ISA_USAGE = YES_ERROR;
				CLANG_WARN_EMPTY_BODY = YES;
				CLANG_WARN_ENUM_CONVERSION = YES;
				CLANG_WARN_INT_CONVERSION = YES;
				CLANG_WARN_OBJC_ROOT_CLASS = YES_ERROR;
				CLANG_WARN_UNREACHABLE_CODE = YES;
				CLANG_WARN__DUPLICATE_METHOD_MATCH = YES;
				"CODE_SIGN_IDENTITY[sdk=iphoneos*]" = "iPhone Developer";
				COPY_PHASE_STRIP = NO;
				ENABLE_STRICT_OBJC_MSGSEND = YES;
				GCC_C_LANGUAGE_STANDARD = gnu99;
				GCC_DYNAMIC_NO_PIC = NO;
				GCC_OPTIMIZATION_LEVEL = 0;
				GCC_PREPROCESSOR_DEFINITIONS = (
					"DEBUG=1",
					"$(inherited)",
				);
				GCC_SYMBOLS_PRIVATE_EXTERN = NO;
				GCC_WARN_64_TO_32_BIT_CONVERSION = YES;
				GCC_WARN_ABOUT_RETURN_TYPE = YES_ERROR;
				GCC_WARN_UNDECLARED_SELECTOR = YES;
				GCC_WARN_UNINITIALIZED_AUTOS = YES_AGGRESSIVE;
				GCC_WARN_UNUSED_FUNCTION = YES;
				GCC_WARN_UNUSED_VARIABLE = YES;
				IPHONEOS_DEPLOYMENT_TARGET = 8.1;
				MTL_ENABLE_DEBUG_INFO = YES;
				ONLY_ACTIVE_ARCH = YES;
				SDKROOT = iphoneos;
				SWIFT_OPTIMIZATION_LEVEL = "-Onone";
			};
			name = Debug;
		};
		973F5E011A048839007DAC82 /* Release */ = {
			isa = XCBuildConfiguration;
			buildSettings = {
				ALWAYS_SEARCH_USER_PATHS = NO;
				CLANG_CXX_LANGUAGE_STANDARD = "gnu++0x";
				CLANG_CXX_LIBRARY = "libc++";
				CLANG_ENABLE_MODULES = YES;
				CLANG_ENABLE_OBJC_ARC = YES;
				CLANG_WARN_BOOL_CONVERSION = YES;
				CLANG_WARN_CONSTANT_CONVERSION = YES;
				CLANG_WARN_DIRECT_OBJC_ISA_USAGE = YES_ERROR;
				CLANG_WARN_EMPTY_BODY = YES;
				CLANG_WARN_ENUM_CONVERSION = YES;
				CLANG_WARN_INT_CONVERSION = YES;
				CLANG_WARN_OBJC_ROOT_CLASS = YES_ERROR;
				CLANG_WARN_UNREACHABLE_CODE = YES;
				CLANG_WARN__DUPLICATE_METHOD_MATCH = YES;
				"CODE_SIGN_IDENTITY[sdk=iphoneos*]" = "iPhone Developer";
				COPY_PHASE_STRIP = YES;
				ENABLE_NS_ASSERTIONS = NO;
				ENABLE_STRICT_OBJC_MSGSEND = YES;
				GCC_C_LANGUAGE_STANDARD = gnu99;
				GCC_WARN_64_TO_32_BIT_CONVERSION = YES;
				GCC_WARN_ABOUT_RETURN_TYPE = YES_ERROR;
				GCC_WARN_UNDECLARED_SELECTOR = YES;
				GCC_WARN_UNINITIALIZED_AUTOS = YES_AGGRESSIVE;
				GCC_WARN_UNUSED_FUNCTION = YES;
				GCC_WARN_UNUSED_VARIABLE = YES;
				IPHONEOS_DEPLOYMENT_TARGET = 8.1;
				MTL_ENABLE_DEBUG_INFO = NO;
				SDKROOT = iphoneos;
				VALIDATE_PRODUCT = YES;
			};
			name = Release;
		};
		973F5E031A048839007DAC82 /* Debug */ = {
			isa = XCBuildConfiguration;
			buildSettings = {
				ASSETCATALOG_COMPILER_APPICON_NAME = AppIcon;
				INFOPLIST_FILE = TrustMe4Good/Info.plist;
				IPHONEOS_DEPLOYMENT_TARGET = 8.1;
				LD_RUNPATH_SEARCH_PATHS = "$(inherited) @executable_path/Frameworks";
				PRODUCT_NAME = "$(TARGET_NAME)";
			};
			name = Debug;
		};
		973F5E041A048839007DAC82 /* Release */ = {
			isa = XCBuildConfiguration;
			buildSettings = {
				ASSETCATALOG_COMPILER_APPICON_NAME = AppIcon;
				INFOPLIST_FILE = TrustMe4Good/Info.plist;
				IPHONEOS_DEPLOYMENT_TARGET = 8.1;
				LD_RUNPATH_SEARCH_PATHS = "$(inherited) @executable_path/Frameworks";
				PRODUCT_NAME = "$(TARGET_NAME)";
			};
			name = Release;
		};
		973F5E061A048839007DAC82 /* Debug */ = {
			isa = XCBuildConfiguration;
			buildSettings = {
				BUNDLE_LOADER = "$(TEST_HOST)";
				FRAMEWORK_SEARCH_PATHS = (
					"$(SDKROOT)/Developer/Library/Frameworks",
					"$(inherited)",
				);
				GCC_PREPROCESSOR_DEFINITIONS = (
					"DEBUG=1",
					"$(inherited)",
				);
				INFOPLIST_FILE = TrustMe4GoodTests/Info.plist;
				LD_RUNPATH_SEARCH_PATHS = "$(inherited) @executable_path/Frameworks @loader_path/Frameworks";
				PRODUCT_NAME = "$(TARGET_NAME)";
				TEST_HOST = "$(BUILT_PRODUCTS_DIR)/TrustMe4Good.app/TrustMe4Good";
			};
			name = Debug;
		};
		973F5E071A048839007DAC82 /* Release */ = {
			isa = XCBuildConfiguration;
			buildSettings = {
				BUNDLE_LOADER = "$(TEST_HOST)";
				FRAMEWORK_SEARCH_PATHS = (
					"$(SDKROOT)/Developer/Library/Frameworks",
					"$(inherited)",
				);
				INFOPLIST_FILE = TrustMe4GoodTests/Info.plist;
				LD_RUNPATH_SEARCH_PATHS = "$(inherited) @executable_path/Frameworks @loader_path/Frameworks";
				PRODUCT_NAME = "$(TARGET_NAME)";
				TEST_HOST = "$(BUILT_PRODUCTS_DIR)/TrustMe4Good.app/TrustMe4Good";
			};
			name = Release;
		};
/* End XCBuildConfiguration section */

/* Begin XCConfigurationList section */
		973F5DDE1A048839007DAC82 /* Build configuration list for PBXProject "TrustMe4Good" */ = {
			isa = XCConfigurationList;
			buildConfigurations = (
				973F5E001A048839007DAC82 /* Debug */,
				973F5E011A048839007DAC82 /* Release */,
			);
			defaultConfigurationIsVisible = 0;
			defaultConfigurationName = Release;
		};
		973F5E021A048839007DAC82 /* Build configuration list for PBXNativeTarget "TrustMe4Good" */ = {
			isa = XCConfigurationList;
			buildConfigurations = (
				973F5E031A048839007DAC82 /* Debug */,
				973F5E041A048839007DAC82 /* Release */,
			);
			defaultConfigurationIsVisible = 0;
			defaultConfigurationName = Release;
		};
		973F5E051A048839007DAC82 /* Build configuration list for PBXNativeTarget "TrustMe4GoodTests" */ = {
			isa = XCConfigurationList;
			buildConfigurations = (
				973F5E061A048839007DAC82 /* Debug */,
				973F5E071A048839007DAC82 /* Release */,
			);
			defaultConfigurationIsVisible = 0;
			defaultConfigurationName = Release;
		};
/* End XCConfigurationList section */
	};
	rootObject = 973F5DDB1A048839007DAC82 /* Project object */;
}
